{
    "_readme": [
        "This file locks the dependencies of your project to a known state",
        "Read more about it at https://getcomposer.org/doc/01-basic-usage.md#installing-dependencies",
        "This file is @generated automatically"
    ],
    "content-hash": "d74252d7215013d608391c59c216dce2",
    "packages": [
        {
            "name": "datatables/datatables",
            "version": "1.10.21",
            "source": {
                "type": "git",
                "url": "https://github.com/DataTables/DataTables.git",
                "reference": "83e59694a105225ff889ddfa0d723a3ab24fda78"
            },
            "dist": {
                "type": "zip",
                "url": "https://api.github.com/repos/DataTables/DataTables/zipball/83e59694a105225ff889ddfa0d723a3ab24fda78",
                "reference": "83e59694a105225ff889ddfa0d723a3ab24fda78",
                "shasum": ""
            },
            "type": "library",
            "license": [
                "MIT"
            ],
            "description": "DataTables is a plug-in for the jQuery Javascript library. It is a highly flexible tool, based upon the foundations of progressive enhancement, which will add advanced interaction controls to any HTML table.",
            "homepage": "http://www.datatables.net/",
            "support": {
                "forum": "https://datatables.net/forums",
                "source": "https://github.com/DataTables/DataTablesSrc/"
            },
            "time": "2020-05-21T10:08:44+00:00"
        },
        {
            "name": "fortawesome/font-awesome",
            "version": "5.13.1",
            "source": {
                "type": "git",
                "url": "https://github.com/FortAwesome/Font-Awesome.git",
                "reference": "1147d199a35293b391152ee85e2d30988439157f"
            },
            "dist": {
                "type": "zip",
                "url": "https://api.github.com/repos/FortAwesome/Font-Awesome/zipball/1147d199a35293b391152ee85e2d30988439157f",
                "reference": "1147d199a35293b391152ee85e2d30988439157f",
                "shasum": ""
            },
            "type": "library",
            "license": [
                "CC-BY-4.0",
                "OFL-1.1",
                "MIT"
            ],
            "authors": [
                {
                    "name": "Travis Chase",
                    "homepage": "http://twitter.com/supercodepoet"
                },
                {
                    "name": "Dave Gandy",
                    "homepage": "http://twitter.com/davegandy"
                },
                {
                    "name": "Rob Madole",
                    "homepage": "http://twitter.com/robmadole"
                },
                {
                    "name": "Jory Raphael",
                    "homepage": "http://twitter.com/sensibleworld"
                },
                {
                    "name": "Geremia Taglialatela",
                    "homepage": "http://twitter.com/gtagliala"
                },
                {
                    "name": "Brian Talbot",
                    "homepage": "http://twitter.com/talbs"
                },
                {
                    "name": "Mike Wilkerson",
                    "homepage": "http://twitter.com/mw77"
                }
            ],
            "description": "The iconic font, CSS, and SVG framework",
            "homepage": "https://fontawesome.com",
            "keywords": [
                "awesome",
                "bootstrap",
                "font",
                "font",
                "fontawesome",
                "icon",
                "svg"
            ],
            "support": {
                "email": "hello@fontawesome.com",
                "issues": "https://github.com/FortAwesome/Font-Awesome/issues",
                "source": "https://github.com/FortAwesome/Font-Awesome",
                "docs": "http://fontawesome.com/how-to-use"
            },
            "time": "2020-06-18T20:53:17+00:00"
        },
        {
            "name": "picqer/php-barcode-generator",
            "version": "v2.2.0",
            "source": {
                "type": "git",
                "url": "https://github.com/picqer/php-barcode-generator.git",
                "reference": "7df93b40099e5fefad055543320a36b80dccda05"
            },
            "dist": {
                "type": "zip",
                "url": "https://api.github.com/repos/picqer/php-barcode-generator/zipball/7df93b40099e5fefad055543320a36b80dccda05",
                "reference": "7df93b40099e5fefad055543320a36b80dccda05",
                "shasum": ""
            },
            "require": {
                "ext-mbstring": "*",
                "php": "^7.3|^8.0"
            },
            "require-dev": {
                "phpunit/phpunit": "^9.5"
            },
            "suggest": {
                "ext-bcmath": "Barcode IMB (Intelligent Mail Barcode) needs bcmath extension",
                "ext-gd": "For JPG and PNG generators, GD or Imagick is required",
                "ext-imagick": "For JPG and PNG generators, GD or Imagick is required"
            },
            "type": "library",
            "autoload": {
                "psr-4": {
                    "Picqer\\Barcode\\": "src"
                }
            },
            "scripts": {
                "test": [
                    "vendor/bin/phpunit"
                ]
            },
            "license": [
                "LGPL-3.0-or-later"
            ],
            "authors": [
                {
                    "name": "Nicola Asuni",
                    "email": "info@tecnick.com",
                    "homepage": "http://nicolaasuni.tecnick.com"
                },
                {
                    "name": "Casper Bakker",
                    "email": "info@picqer.com",
                    "homepage": "https://picqer.com"
                }
            ],
            "description": "An easy to use, non-bloated, barcode generator in PHP. Creates SVG, PNG, JPG and HTML images from the most used 1D barcode standards.",
            "homepage": "https://github.com/picqer/php-barcode-generator",
            "keywords": [
                "CODABAR",
                "Code11",
                "Code128",
                "Code39",
                "Code93",
                "EAN",
                "EAN13",
                "HTML",
                "JPEG",
                "JPG",
                "KIX",
                "KIXCODE",
                "MSI",
                "PHARMA",
                "PNG",
                "POSTNET",
                "SVG",
                "Standard 2 of 5",
                "UPC",
                "barcode",
                "barcode generator",
                "php"
            ],
            "support": {
                "source": "https://github.com/picqer/php-barcode-generator/tree/v2.2.0",
                "issues": "https://github.com/picqer/php-barcode-generator/issues"
            },
            "funding": [
                {
                    "type": "github",
                    "url": "https://github.com/casperbakker"
                }
            ],
            "time": "2021-03-27T09:06:22+00:00"
        },
        {
            "name": "twbs/bootstrap",
            "version": "v4.5.0",
            "source": {
                "type": "git",
                "url": "https://github.com/twbs/bootstrap.git",
                "reference": "7a6da5e3e7ad7c749dde806546a35d4d4259d965"
            },
            "dist": {
                "type": "zip",
                "url": "https://api.github.com/repos/twbs/bootstrap/zipball/7a6da5e3e7ad7c749dde806546a35d4d4259d965",
                "reference": "7a6da5e3e7ad7c749dde806546a35d4d4259d965",
                "shasum": ""
            },
            "replace": {
                "twitter/bootstrap": "self.version"
            },
            "type": "library",
            "extra": {
                "branch-alias": {
                    "dev-master": "3.3.x-dev"
                }
            },
            "license": [
                "MIT"
            ],
            "authors": [
                {
                    "name": "Mark Otto",
                    "email": "markdotto@gmail.com"
                },
                {
                    "name": "Jacob Thornton",
                    "email": "jacobthornton@gmail.com"
                }
            ],
            "description": "The most popular front-end framework for developing responsive, mobile first projects on the web.",
            "homepage": "https://getbootstrap.com/",
            "keywords": [
                "css",
                "framework",
                "front-end",
                "js",
                "mobile-first",
                "responsive",
                "sass",
                "web"
            ],
            "support": {
                "issues": "https://github.com/twbs/bootstrap/issues",
                "source": "https://github.com/twbs/bootstrap/tree/v4.5.0"
            },
            "funding": [
                {
                    "type": "open_collective",
                    "url": "https://opencollective.com/bootstrap"
                }
            ],
            "time": "2020-05-12T17:44:42+00:00"
        }
    ],
    "packages-dev": [],
    "aliases": [],
    "minimum-stability": "stable",
    "stability-flags": {
        "picqer/php-barcode-generator": 0,
        "twbs/bootstrap": 0,
        "datatables/datatables": 0,
        "fortawesome/font-awesome": 0
    },
    "prefer-stable": false,
    "prefer-lowest": false,
    "platform": [],
    "platform-dev": [],
    "plugin-api-version": "2.0.0"
}
